{
  "name": "load-test-example",
  "lockfileVersion": 3,
  "requires": true,
  "packages": {
    "": {
      "dependencies": {
        "@types/k6": "^0.47.3",
        "@types/node": "^20.10.1",
        "duration-converter": "^1.3.6"
      }
    },
    "node_modules/@types/k6": {
      "version": "0.47.3",
      "resolved": "https://registry.npmjs.org/@types/k6/-/k6-0.47.3.tgz",
      "integrity": "sha512-5epuxqaZ6oFYMDuzIK9H7GxJfApkCPiupiF5cKTfJvetmsImP/3F2nS22DoJ7/2XoieTLSffR8yyicGco9dpMw=="
    },
    "node_modules/@types/node": {
      "version": "20.10.1",
      "resolved": "https://registry.npmjs.org/@types/node/-/node-20.10.1.tgz",
      "integrity": "sha512-T2qwhjWwGH81vUEx4EXmBKsTJRXFXNZTL4v0gi01+zyBmCwzE6TyHszqX01m+QHTEq+EZNo13NeJIdEqf+Myrg==",
      "dependencies": {
        "undici-types": "~5.26.4"
      }
    },
    "node_modules/duration-converter": {
      "version": "1.3.6",
      "resolved": "https://registry.npmjs.org/duration-converter/-/duration-converter-1.3.6.tgz",
      "integrity": "sha512-D65I2CvcD6dtLwCkN1dBrumJcJrcUi5rpsqxGylD/F5ZQ4TDlJTZsSePSl+LUlWm8wt8PbPuulfhTC+Y+aElIA=="
    },
    "node_modules/undici-types": {
      "version": "5.26.5",
      "resolved": "https://registry.npmjs.org/undici-types/-/undici-types-5.26.5.tgz",
      "integrity": "sha512-JlCMO+ehdEIKqlFxk6IfVoAUVmgz7cU7zD/h9XZ0qzeosSHmUJVOzSQvvYSYWXkFXC+IfLKSIffhv0sVZup6pA=="
    }
  }
}
